// !$*UTF8*$!
{
	archiveVersion = 1;
	classes = {
	};
	objectVersion = 56;
	objects = {

/* Begin PBXBuildFile section */
		1E4AFDA42D2EADB500D46581 /* FirebaseAuth in Frameworks */ = {isa = PBXBuildFile; productRef = 1E4AFDA32D2EADB500D46581 /* FirebaseAuth */; };
		1E4AFDA62D2EADB500D46581 /* FirebaseCore in Frameworks */ = {isa = PBXBuildFile; productRef = 1E4AFDA52D2EADB500D46581 /* FirebaseCore */; };
		1E4AFDA82D2EADB500D46581 /* FirebaseDatabase in Frameworks */ = {isa = PBXBuildFile; productRef = 1E4AFDA72D2EADB500D46581 /* FirebaseDatabase */; };
		1E4AFDAA2D2EADB500D46581 /* FirebaseFirestore in Frameworks */ = {isa = PBXBuildFile; productRef = 1E4AFDA92D2EADB500D46581 /* FirebaseFirestore */; };
		1E4AFDAC2D2EADB500D46581 /* FirebaseStorage in Frameworks */ = {isa = PBXBuildFile; productRef = 1E4AFDAB2D2EADB500D46581 /* FirebaseStorage */; };
		1E4AFDAE2D2EEFB200D46581 /* Child.swift in Sources */ = {isa = PBXBuildFile; fileRef = 1E4AFDAD2D2EEFB200D46581 /* Child.swift */; };
		1E4AFDB02D2EF11100D46581 /* HomeViewController.swift in Sources */ = {isa = PBXBuildFile; fileRef = 1E4AFDAF2D2EF11100D46581 /* HomeViewController.swift */; };
		1E4AFDB22D2EFD5300D46581 /* HomeTableViewCell.swift in Sources */ = {isa = PBXBuildFile; fileRef = 1E4AFDB12D2EFD5300D46581 /* HomeTableViewCell.swift */; };
		1E9E4F602D2D80E300968CEA /* AppDelegate.swift in Sources */ = {isa = PBXBuildFile; fileRef = 1E9E4F5F2D2D80E300968CEA /* AppDelegate.swift */; };
		1E9E4F622D2D80E300968CEA /* SceneDelegate.swift in Sources */ = {isa = PBXBuildFile; fileRef = 1E9E4F612D2D80E300968CEA /* SceneDelegate.swift */; };
		1E9E4F642D2D80E300968CEA /* SignInViewController.swift in Sources */ = {isa = PBXBuildFile; fileRef = 1E9E4F632D2D80E300968CEA /* SignInViewController.swift */; };
		1E9E4F672D2D80E300968CEA /* Base in Resources */ = {isa = PBXBuildFile; fileRef = 1E9E4F662D2D80E300968CEA /* Base */; };
		1E9E4F692D2D80E400968CEA /* Assets.xcassets in Resources */ = {isa = PBXBuildFile; fileRef = 1E9E4F682D2D80E400968CEA /* Assets.xcassets */; };
		1E9E4F6C2D2D80E400968CEA /* Base in Resources */ = {isa = PBXBuildFile; fileRef = 1E9E4F6B2D2D80E400968CEA /* Base */; };
		1ECC86A82D2E71F600D71595 /* RegisterViewController.swift in Sources */ = {isa = PBXBuildFile; fileRef = 1ECC86A72D2E71F600D71595 /* RegisterViewController.swift */; };
		1ECC86AA2D2E746A00D71595 /* GoogleService-Info.plist in Resources */ = {isa = PBXBuildFile; fileRef = 1ECC86A92D2E746A00D71595 /* GoogleService-Info.plist */; };
		1ECC86AD2D2EA40500D71595 /* Helper.swift in Sources */ = {isa = PBXBuildFile; fileRef = 1ECC86AC2D2EA40500D71595 /* Helper.swift */; };
/* End PBXBuildFile section */

/* Begin PBXFileReference section */
		1E4AFDAD2D2EEFB200D46581 /* Child.swift */ = {isa = PBXFileReference; lastKnownFileType = sourcecode.swift; path = Child.swift; sourceTree = "<group>"; };
		1E4AFDAF2D2EF11100D46581 /* HomeViewController.swift */ = {isa = PBXFileReference; lastKnownFileType = sourcecode.swift; path = HomeViewController.swift; sourceTree = "<group>"; };
		1E4AFDB12D2EFD5300D46581 /* HomeTableViewCell.swift */ = {isa = PBXFileReference; lastKnownFileType = sourcecode.swift; path = HomeTableViewCell.swift; sourceTree = "<group>"; };
		1E9E4F5C2D2D80E300968CEA /* Chat-App.app */ = {isa = PBXFileReference; explicitFileType = wrapper.application; includeInIndex = 0; path = "Chat-App.app"; sourceTree = BUILT_PRODUCTS_DIR; };
		1E9E4F5F2D2D80E300968CEA /* AppDelegate.swift */ = {isa = PBXFileReference; lastKnownFileType = sourcecode.swift; path = AppDelegate.swift; sourceTree = "<group>"; };
		1E9E4F612D2D80E300968CEA /* SceneDelegate.swift */ = {isa = PBXFileReference; lastKnownFileType = sourcecode.swift; path = SceneDelegate.swift; sourceTree = "<group>"; };
		1E9E4F632D2D80E300968CEA /* SignInViewController.swift */ = {isa = PBXFileReference; lastKnownFileType = sourcecode.swift; path = SignInViewController.swift; sourceTree = "<group>"; };
		1E9E4F662D2D80E300968CEA /* Base */ = {isa = PBXFileReference; lastKnownFileType = file.storyboard; name = Base; path = Base.lproj/Main.storyboard; sourceTree = "<group>"; };
		1E9E4F682D2D80E400968CEA /* Assets.xcassets */ = {isa = PBXFileReference; lastKnownFileType = folder.assetcatalog; path = Assets.xcassets; sourceTree = "<group>"; };
		1E9E4F6B2D2D80E400968CEA /* Base */ = {isa = PBXFileReference; lastKnownFileType = file.storyboard; name = Base; path = Base.lproj/LaunchScreen.storyboard; sourceTree = "<group>"; };
		1E9E4F6D2D2D80E400968CEA /* Info.plist */ = {isa = PBXFileReference; lastKnownFileType = text.plist.xml; path = Info.plist; sourceTree = "<group>"; };
		1ECC86A72D2E71F600D71595 /* RegisterViewController.swift */ = {isa = PBXFileReference; lastKnownFileType = sourcecode.swift; path = RegisterViewController.swift; sourceTree = "<group>"; };
		1ECC86A92D2E746A00D71595 /* GoogleService-Info.plist */ = {isa = PBXFileReference; fileEncoding = 4; lastKnownFileType = text.plist.xml; path = "GoogleService-Info.plist"; sourceTree = SOURCE_ROOT; };
		1ECC86AC2D2EA40500D71595 /* Helper.swift */ = {isa = PBXFileReference; lastKnownFileType = sourcecode.swift; path = Helper.swift; sourceTree = "<group>"; };
/* End PBXFileReference section */

/* Begin PBXFrameworksBuildPhase section */
		1E9E4F592D2D80E300968CEA /* Frameworks */ = {
			isa = PBXFrameworksBuildPhase;
			buildActionMask = 2147483647;
			files = (
				1E4AFDA82D2EADB500D46581 /* FirebaseDatabase in Frameworks */,
				1E4AFDAA2D2EADB500D46581 /* FirebaseFirestore in Frameworks */,
				1E4AFDA62D2EADB500D46581 /* FirebaseCore in Frameworks */,
				1E4AFDAC2D2EADB500D46581 /* FirebaseStorage in Frameworks */,
				1E4AFDA42D2EADB500D46581 /* FirebaseAuth in Frameworks */,
			);
			runOnlyForDeploymentPostprocessing = 0;
		};
/* End PBXFrameworksBuildPhase section */

/* Begin PBXGroup section */
		1E9E4F532D2D80E300968CEA = {
			isa = PBXGroup;
			children = (
				1E9E4F5E2D2D80E300968CEA /* Chat-App */,
				1E9E4F5D2D2D80E300968CEA /* Products */,
			);
			sourceTree = "<group>";
		};
		1E9E4F5D2D2D80E300968CEA /* Products */ = {
			isa = PBXGroup;
			children = (
				1E9E4F5C2D2D80E300968CEA /* Chat-App.app */,
			);
			name = Products;
			sourceTree = "<group>";
		};
		1E9E4F5E2D2D80E300968CEA /* Chat-App */ = {
			isa = PBXGroup;
			children = (
				1ECC86AB2D2EA3EC00D71595 /* Cammon */,
				1ECC86A42D2E647400D71595 /* View */,
				1ECC86A62D2E64A400D71595 /* Model */,
				1ECC86A52D2E648D00D71595 /* Controller */,
				1E9E4F682D2D80E400968CEA /* Assets.xcassets */,
				1E9E4F5F2D2D80E300968CEA /* AppDelegate.swift */,
				1E9E4F612D2D80E300968CEA /* SceneDelegate.swift */,
				1E9E4F6D2D2D80E400968CEA /* Info.plist */,
				1ECC86A92D2E746A00D71595 /* GoogleService-Info.plist */,
			);
			path = "Chat-App";
			sourceTree = "<group>";
		};
		1ECC86A42D2E647400D71595 /* View */ = {
			isa = PBXGroup;
			children = (
				1E9E4F652D2D80E300968CEA /* Main.storyboard */,
				1E9E4F6A2D2D80E400968CEA /* LaunchScreen.storyboard */,
			);
			path = View;
			sourceTree = "<group>";
		};
		1ECC86A52D2E648D00D71595 /* Controller */ = {
			isa = PBXGroup;
			children = (
				1E9E4F632D2D80E300968CEA /* SignInViewController.swift */,
				1ECC86A72D2E71F600D71595 /* RegisterViewController.swift */,
				1E4AFDAF2D2EF11100D46581 /* HomeViewController.swift */,
				1E4AFDB12D2EFD5300D46581 /* HomeTableViewCell.swift */,
			);
			path = Controller;
			sourceTree = "<group>";
		};
		1ECC86A62D2E64A400D71595 /* Model */ = {
			isa = PBXGroup;
			children = (
			);
			path = Model;
			sourceTree = "<group>";
		};
		1ECC86AB2D2EA3EC00D71595 /* Cammon */ = {
			isa = PBXGroup;
			children = (
				1ECC86AC2D2EA40500D71595 /* Helper.swift */,
				1E4AFDAD2D2EEFB200D46581 /* Child.swift */,
			);
			path = Cammon;
			sourceTree = "<group>";
		};
/* End PBXGroup section */

/* Begin PBXNativeTarget section */
		1E9E4F5B2D2D80E300968CEA /* Chat-App */ = {
			isa = PBXNativeTarget;
			buildConfigurationList = 1E9E4F702D2D80E400968CEA /* Build configuration list for PBXNativeTarget "Chat-App" */;
			buildPhases = (
				1E9E4F582D2D80E300968CEA /* Sources */,
				1E9E4F592D2D80E300968CEA /* Frameworks */,
				1E9E4F5A2D2D80E300968CEA /* Resources */,
			);
			buildRules = (
			);
			dependencies = (
			);
			name = "Chat-App";
			packageProductDependencies = (
				1E4AFDA32D2EADB500D46581 /* FirebaseAuth */,
				1E4AFDA52D2EADB500D46581 /* FirebaseCore */,
				1E4AFDA72D2EADB500D46581 /* FirebaseDatabase */,
				1E4AFDA92D2EADB500D46581 /* FirebaseFirestore */,
				1E4AFDAB2D2EADB500D46581 /* FirebaseStorage */,
			);
			productName = "Chat-App";
			productReference = 1E9E4F5C2D2D80E300968CEA /* Chat-App.app */;
			productType = "com.apple.product-type.application";
		};
/* End PBXNativeTarget section */

/* Begin PBXProject section */
		1E9E4F542D2D80E300968CEA /* Project object */ = {
			isa = PBXProject;
			attributes = {
				BuildIndependentTargetsInParallel = 1;
				LastSwiftUpdateCheck = 1540;
				LastUpgradeCheck = 1540;
				TargetAttributes = {
					1E9E4F5B2D2D80E300968CEA = {
						CreatedOnToolsVersion = 15.4;
					};
				};
			};
			buildConfigurationList = 1E9E4F572D2D80E300968CEA /* Build configuration list for PBXProject "Chat-App" */;
			compatibilityVersion = "Xcode 14.0";
			developmentRegion = en;
			hasScannedForEncodings = 0;
			knownRegions = (
				en,
				Base,
			);
			mainGroup = 1E9E4F532D2D80E300968CEA;
			packageReferences = (
				1E4AFDA22D2EADB500D46581 /* XCRemoteSwiftPackageReference "firebase-ios-sdk" */,
			);
			productRefGroup = 1E9E4F5D2D2D80E300968CEA /* Products */;
			projectDirPath = "";
			projectRoot = "";
			targets = (
				1E9E4F5B2D2D80E300968CEA /* Chat-App */,
			);
		};
/* End PBXProject section */

/* Begin PBXResourcesBuildPhase section */
		1E9E4F5A2D2D80E300968CEA /* Resources */ = {
			isa = PBXResourcesBuildPhase;
			buildActionMask = 2147483647;
			files = (
				1E9E4F692D2D80E400968CEA /* Assets.xcassets in Resources */,
				1ECC86AA2D2E746A00D71595 /* GoogleService-Info.plist in Resources */,
				1E9E4F6C2D2D80E400968CEA /* Base in Resources */,
				1E9E4F672D2D80E300968CEA /* Base in Resources */,
			);
			runOnlyForDeploymentPostprocessing = 0;
		};
/* End PBXResourcesBuildPhase section */

/* Begin PBXSourcesBuildPhase section */
		1E9E4F582D2D80E300968CEA /* Sources */ = {
			isa = PBXSourcesBuildPhase;
			buildActionMask = 2147483647;
			files = (
				1E9E4F642D2D80E300968CEA /* SignInViewController.swift in Sources */,
				1E9E4F602D2D80E300968CEA /* AppDelegate.swift in Sources */,
				1E4AFDAE2D2EEFB200D46581 /* Child.swift in Sources */,
				1ECC86AD2D2EA40500D71595 /* Helper.swift in Sources */,
				1E9E4F622D2D80E300968CEA /* SceneDelegate.swift in Sources */,
				1E4AFDB02D2EF11100D46581 /* HomeViewController.swift in Sources */,
				1E4AFDB22D2EFD5300D46581 /* HomeTableViewCell.swift in Sources */,
				1ECC86A82D2E71F600D71595 /* RegisterViewController.swift in Sources */,
			);
			runOnlyForDeploymentPostprocessing = 0;
		};
/* End PBXSourcesBuildPhase section */

/* Begin PBXVariantGroup section */
		1E9E4F652D2D80E300968CEA /* Main.storyboard */ = {
			isa = PBXVariantGroup;
			children = (
				1E9E4F662D2D80E300968CEA /* Base */,
			);
			name = Main.storyboard;
			sourceTree = "<group>";
		};
		1E9E4F6A2D2D80E400968CEA /* LaunchScreen.storyboard */ = {
			isa = PBXVariantGroup;
			children = (
				1E9E4F6B2D2D80E400968CEA /* Base */,
			);
			name = LaunchScreen.storyboard;
			sourceTree = "<group>";
		};
/* End PBXVariantGroup section */

/* Begin XCBuildConfiguration section */
		1E9E4F6E2D2D80E400968CEA /* Debug */ = {
			isa = XCBuildConfiguration;
			buildSettings = {
				ALWAYS_SEARCH_USER_PATHS = NO;
				ASSETCATALOG_COMPILER_GENERATE_SWIFT_ASSET_SYMBOL_EXTENSIONS = YES;
				CLANG_ANALYZER_NONNULL = YES;
				CLANG_ANALYZER_NUMBER_OBJECT_CONVERSION = YES_AGGRESSIVE;
				CLANG_CXX_LANGUAGE_STANDARD = "gnu++20";
				CLANG_ENABLE_MODULES = YES;
				CLANG_ENABLE_OBJC_ARC = YES;
				CLANG_ENABLE_OBJC_WEAK = YES;
				CLANG_WARN_BLOCK_CAPTURE_AUTORELEASING = YES;
				CLANG_WARN_BOOL_CONVERSION = YES;
				CLANG_WARN_COMMA = YES;
				CLANG_WARN_CONSTANT_CONVERSION = YES;
				CLANG_WARN_DEPRECATED_OBJC_IMPLEMENTATIONS = YES;
				CLANG_WARN_DIRECT_OBJC_ISA_USAGE = YES_ERROR;
				CLANG_WARN_DOCUMENTATION_COMMENTS = YES;
				CLANG_WARN_EMPTY_BODY = YES;
				CLANG_WARN_ENUM_CONVERSION = YES;
				CLANG_WARN_INFINITE_RECURSION = YES;
				CLANG_WARN_INT_CONVERSION = YES;
				CLANG_WARN_NON_LITERAL_NULL_CONVERSION = YES;
				CLANG_WARN_OBJC_IMPLICIT_RETAIN_SELF = YES;
				CLANG_WARN_OBJC_LITERAL_CONVERSION = YES;
				CLANG_WARN_OBJC_ROOT_CLASS = YES_ERROR;
				CLANG_WARN_QUOTED_INCLUDE_IN_FRAMEWORK_HEADER = YES;
				CLANG_WARN_RANGE_LOOP_ANALYSIS = YES;
				CLANG_WARN_STRICT_PROTOTYPES = YES;
				CLANG_WARN_SUSPICIOUS_MOVE = YES;
				CLANG_WARN_UNGUARDED_AVAILABILITY = YES_AGGRESSIVE;
				CLANG_WARN_UNREACHABLE_CODE = YES;
				CLANG_WARN__DUPLICATE_METHOD_MATCH = YES;
				COPY_PHASE_STRIP = NO;
				DEBUG_INFORMATION_FORMAT = dwarf;
				ENABLE_STRICT_OBJC_MSGSEND = YES;
				ENABLE_TESTABILITY = YES;
				ENABLE_USER_SCRIPT_SANDBOXING = YES;
				GCC_C_LANGUAGE_STANDARD = gnu17;
				GCC_DYNAMIC_NO_PIC = NO;
				GCC_NO_COMMON_BLOCKS = YES;
				GCC_OPTIMIZATION_LEVEL = 0;
				GCC_PREPROCESSOR_DEFINITIONS = (
					"DEBUG=1",
					"$(inherited)",
				);
				GCC_WARN_64_TO_32_BIT_CONVERSION = YES;
				GCC_WARN_ABOUT_RETURN_TYPE = YES_ERROR;
				GCC_WARN_UNDECLARED_SELECTOR = YES;
				GCC_WARN_UNINITIALIZED_AUTOS = YES_AGGRESSIVE;
				GCC_WARN_UNUSED_FUNCTION = YES;
				GCC_WARN_UNUSED_VARIABLE = YES;
				IPHONEOS_DEPLOYMENT_TARGET = 17.5;
				LOCALIZATION_PREFERS_STRING_CATALOGS = YES;
				MTL_ENABLE_DEBUG_INFO = INCLUDE_SOURCE;
				MTL_FAST_MATH = YES;
				ONLY_ACTIVE_ARCH = YES;
				SDKROOT = iphoneos;
				SWIFT_ACTIVE_COMPILATION_CONDITIONS = "DEBUG $(inherited)";
				SWIFT_OPTIMIZATION_LEVEL = "-Onone";
			};
			name = Debug;
		};
		1E9E4F6F2D2D80E400968CEA /* Release */ = {
			isa = XCBuildConfiguration;
			buildSettings = {
				ALWAYS_SEARCH_USER_PATHS = NO;
				ASSETCATALOG_COMPILER_GENERATE_SWIFT_ASSET_SYMBOL_EXTENSIONS = YES;
				CLANG_ANALYZER_NONNULL = YES;
				CLANG_ANALYZER_NUMBER_OBJECT_CONVERSION = YES_AGGRESSIVE;
				CLANG_CXX_LANGUAGE_STANDARD = "gnu++20";
				CLANG_ENABLE_MODULES = YES;
				CLANG_ENABLE_OBJC_ARC = YES;
				CLANG_ENABLE_OBJC_WEAK = YES;
				CLANG_WARN_BLOCK_CAPTURE_AUTORELEASING = YES;
				CLANG_WARN_BOOL_CONVERSION = YES;
				CLANG_WARN_COMMA = YES;
				CLANG_WARN_CONSTANT_CONVERSION = YES;
				CLANG_WARN_DEPRECATED_OBJC_IMPLEMENTATIONS = YES;
				CLANG_WARN_DIRECT_OBJC_ISA_USAGE = YES_ERROR;
				CLANG_WARN_DOCUMENTATION_COMMENTS = YES;
				CLANG_WARN_EMPTY_BODY = YES;
				CLANG_WARN_ENUM_CONVERSION = YES;
				CLANG_WARN_INFINITE_RECURSION = YES;
				CLANG_WARN_INT_CONVERSION = YES;
				CLANG_WARN_NON_LITERAL_NULL_CONVERSION = YES;
				CLANG_WARN_OBJC_IMPLICIT_RETAIN_SELF = YES;
				CLANG_WARN_OBJC_LITERAL_CONVERSION = YES;
				CLANG_WARN_OBJC_ROOT_CLASS = YES_ERROR;
				CLANG_WARN_QUOTED_INCLUDE_IN_FRAMEWORK_HEADER = YES;
				CLANG_WARN_RANGE_LOOP_ANALYSIS = YES;
				CLANG_WARN_STRICT_PROTOTYPES = YES;
				CLANG_WARN_SUSPICIOUS_MOVE = YES;
				CLANG_WARN_UNGUARDED_AVAILABILITY = YES_AGGRESSIVE;
				CLANG_WARN_UNREACHABLE_CODE = YES;
				CLANG_WARN__DUPLICATE_METHOD_MATCH = YES;
				COPY_PHASE_STRIP = NO;
				DEBUG_INFORMATION_FORMAT = "dwarf-with-dsym";
				ENABLE_NS_ASSERTIONS = NO;
				ENABLE_STRICT_OBJC_MSGSEND = YES;
				ENABLE_USER_SCRIPT_SANDBOXING = YES;
				GCC_C_LANGUAGE_STANDARD = gnu17;
				GCC_NO_COMMON_BLOCKS = YES;
				GCC_WARN_64_TO_32_BIT_CONVERSION = YES;
				GCC_WARN_ABOUT_RETURN_TYPE = YES_ERROR;
				GCC_WARN_UNDECLARED_SELECTOR = YES;
				GCC_WARN_UNINITIALIZED_AUTOS = YES_AGGRESSIVE;
				GCC_WARN_UNUSED_FUNCTION = YES;
				GCC_WARN_UNUSED_VARIABLE = YES;
				IPHONEOS_DEPLOYMENT_TARGET = 17.5;
				LOCALIZATION_PREFERS_STRING_CATALOGS = YES;
				MTL_ENABLE_DEBUG_INFO = NO;
				MTL_FAST_MATH = YES;
				SDKROOT = iphoneos;
				SWIFT_COMPILATION_MODE = wholemodule;
				VALIDATE_PRODUCT = YES;
			};
			name = Release;
		};
		1E9E4F712D2D80E400968CEA /* Debug */ = {
			isa = XCBuildConfiguration;
			buildSettings = {
				ASSETCATALOG_COMPILER_APPICON_NAME = AppIcon;
				ASSETCATALOG_COMPILER_GLOBAL_ACCENT_COLOR_NAME = AccentColor;
				CODE_SIGN_STYLE = Automatic;
				CURRENT_PROJECT_VERSION = 1;
				DEVELOPMENT_TEAM = MAD925RDGT;
				GENERATE_INFOPLIST_FILE = YES;
				INFOPLIST_FILE = "Chat-App/Info.plist";
				INFOPLIST_KEY_UIApplicationSupportsIndirectInputEvents = YES;
				INFOPLIST_KEY_UILaunchStoryboardName = LaunchScreen;
				INFOPLIST_KEY_UIMainStoryboardFile = Main;
				INFOPLIST_KEY_UISupportedInterfaceOrientations = UIInterfaceOrientationPortrait;
				INFOPLIST_KEY_UISupportedInterfaceOrientations_iPad = "UIInterfaceOrientationLandscapeLeft UIInterfaceOrientationLandscapeRight UIInterfaceOrientationPortrait UIInterfaceOrientationPortraitUpsideDown";
				IPHONEOS_DEPLOYMENT_TARGET = 16.0;
				LD_RUNPATH_SEARCH_PATHS = (
					"$(inherited)",
					"@executable_path/Frameworks",
				);
				MARKETING_VERSION = 1.0;
				PRODUCT_BUNDLE_IDENTIFIER = "Sabri.Chat-App";
				PRODUCT_NAME = "$(TARGET_NAME)";
				SWIFT_EMIT_LOC_STRINGS = YES;
				SWIFT_VERSION = 5.0;
				TARGETED_DEVICE_FAMILY = "1,2";
			};
			name = Debug;
		};
		1E9E4F722D2D80E400968CEA /* Release */ = {
			isa = XCBuildConfiguration;
			buildSettings = {
				ASSETCATALOG_COMPILER_APPICON_NAME = AppIcon;
				ASSETCATALOG_COMPILER_GLOBAL_ACCENT_COLOR_NAME = AccentColor;
				CODE_SIGN_STYLE = Automatic;
				CURRENT_PROJECT_VERSION = 1;
				DEVELOPMENT_TEAM = MAD925RDGT;
				GENERATE_INFOPLIST_FILE = YES;
				INFOPLIST_FILE = "Chat-App/Info.plist";
				INFOPLIST_KEY_UIApplicationSupportsIndirectInputEvents = YES;
				INFOPLIST_KEY_UILaunchStoryboardName = LaunchScreen;
				INFOPLIST_KEY_UIMainStoryboardFile = Main;
				INFOPLIST_KEY_UISupportedInterfaceOrientations = UIInterfaceOrientationPortrait;
				INFOPLIST_KEY_UISupportedInterfaceOrientations_iPad = "UIInterfaceOrientationLandscapeLeft UIInterfaceOrientationLandscapeRight UIInterfaceOrientationPortrait UIInterfaceOrientationPortraitUpsideDown";
				IPHONEOS_DEPLOYMENT_TARGET = 16.0;
				LD_RUNPATH_SEARCH_PATHS = (
					"$(inherited)",
					"@executable_path/Frameworks",
				);
				MARKETING_VERSION = 1.0;
				PRODUCT_BUNDLE_IDENTIFIER = "Sabri.Chat-App";
				PRODUCT_NAME = "$(TARGET_NAME)";
				SWIFT_EMIT_LOC_STRINGS = YES;
				SWIFT_VERSION = 5.0;
				TARGETED_DEVICE_FAMILY = "1,2";
			};
			name = Release;
		};
/* End XCBuildConfiguration section */

/* Begin XCConfigurationList section */
		1E9E4F572D2D80E300968CEA /* Build configuration list for PBXProject "Chat-App" */ = {
			isa = XCConfigurationList;
			buildConfigurations = (
				1E9E4F6E2D2D80E400968CEA /* Debug */,
				1E9E4F6F2D2D80E400968CEA /* Release */,
			);
			defaultConfigurationIsVisible = 0;
			defaultConfigurationName = Release;
		};
		1E9E4F702D2D80E400968CEA /* Build configuration list for PBXNativeTarget "Chat-App" */ = {
			isa = XCConfigurationList;
			buildConfigurations = (
				1E9E4F712D2D80E400968CEA /* Debug */,
				1E9E4F722D2D80E400968CEA /* Release */,
			);
			defaultConfigurationIsVisible = 0;
			defaultConfigurationName = Release;
		};
/* End XCConfigurationList section */

/* Begin XCRemoteSwiftPackageReference section */
		1E4AFDA22D2EADB500D46581 /* XCRemoteSwiftPackageReference "firebase-ios-sdk" */ = {
			isa = XCRemoteSwiftPackageReference;
			repositoryURL = "https://github.com/firebase/firebase-ios-sdk.git";
			requirement = {
				kind = upToNextMajorVersion;
				minimumVersion = 11.6.0;
			};
		};
/* End XCRemoteSwiftPackageReference section */

/* Begin XCSwiftPackageProductDependency section */
		1E4AFDA32D2EADB500D46581 /* FirebaseAuth */ = {
			isa = XCSwiftPackageProductDependency;
			package = 1E4AFDA22D2EADB500D46581 /* XCRemoteSwiftPackageReference "firebase-ios-sdk" */;
			productName = FirebaseAuth;
		};
		1E4AFDA52D2EADB500D46581 /* FirebaseCore */ = {
			isa = XCSwiftPackageProductDependency;
			package = 1E4AFDA22D2EADB500D46581 /* XCRemoteSwiftPackageReference "firebase-ios-sdk" */;
			productName = FirebaseCore;
		};
		1E4AFDA72D2EADB500D46581 /* FirebaseDatabase */ = {
			isa = XCSwiftPackageProductDependency;
			package = 1E4AFDA22D2EADB500D46581 /* XCRemoteSwiftPackageReference "firebase-ios-sdk" */;
			productName = FirebaseDatabase;
		};
		1E4AFDA92D2EADB500D46581 /* FirebaseFirestore */ = {
			isa = XCSwiftPackageProductDependency;
			package = 1E4AFDA22D2EADB500D46581 /* XCRemoteSwiftPackageReference "firebase-ios-sdk" */;
			productName = FirebaseFirestore;
		};
		1E4AFDAB2D2EADB500D46581 /* FirebaseStorage */ = {
			isa = XCSwiftPackageProductDependency;
			package = 1E4AFDA22D2EADB500D46581 /* XCRemoteSwiftPackageReference "firebase-ios-sdk" */;
			productName = FirebaseStorage;
		};
/* End XCSwiftPackageProductDependency section */
	};
	rootObject = 1E9E4F542D2D80E300968CEA /* Project object */;
}
